
Microsoft Visual Studio Solution File, Format Version 12.00
# Visual Studio Version 17
VisualStudioVersion = 17.11.35312.102
MinimumVisualStudioVersion = 10.0.40219.1
Project("{FAE04EC0-301F-11D3-BF4B-00C04F79EFBC}") = "Ultimate Predictor", "Ultimate Predictor\Ultimate Predictor.csproj", "{C439CC57-E9E3-400D-92B1-F1ECDF3C7BCE}"
EndProject
Global
	GlobalSection(SolutionConfigurationPlatforms) = preSolution
		Debug|Any CPU = Debug|Any CPU
		Release|Any CPU = Release|Any CPU
	EndGlobalSection
	GlobalSection(ProjectConfigurationPlatforms) = postSolution
		{C439CC57-E9E3-400D-92B1-F1ECDF3C7BCE}.Debug|Any CPU.ActiveCfg = Debug|Any CPU
		{C439CC57-E9E3-400D-92B1-F1ECDF3C7BCE}.Debug|Any CPU.Build.0 = Debug|Any CPU
		{C439CC57-E9E3-400D-92B1-F1ECDF3C7BCE}.Release|Any CPU.ActiveCfg = Release|Any CPU
		{C439CC57-E9E3-400D-92B1-F1ECDF3C7BCE}.Release|Any CPU.Build.0 = Release|Any CPU
	EndGlobalSection
	GlobalSection(SolutionProperties) = preSolution
		HideSolutionNode = FALSE
	EndGlobalSection
	GlobalSection(ExtensibilityGlobals) = postSolution
		SolutionGuid = {E7FEDBA7-BB0F-4E45-9717-D5624BFDE3C5}
	EndGlobalSection
EndGlobal
