
Microsoft Visual Studio Solution File, Format Version 12.00
# Visual Studio Version 17
VisualStudioVersion = 17.11.35312.102
MinimumVisualStudioVersion = 10.0.40219.1
Project("{FAE04EC0-301F-11D3-BF4B-00C04F79EFBC}") = "Maze", "Maze.csproj", "{E091008D-DF2F-4B39-90CB-D1B7D04E0060}"
EndProject
Global
	GlobalSection(SolutionConfigurationPlatforms) = preSolution
		Debug|Any CPU = Debug|Any CPU
		Release|Any CPU = Release|Any CPU
	EndGlobalSection
	GlobalSection(ProjectConfigurationPlatforms) = postSolution
		{E091008D-DF2F-4B39-90CB-D1B7D04E0060}.Debug|Any CPU.ActiveCfg = Debug|Any CPU
		{E091008D-DF2F-4B39-90CB-D1B7D04E0060}.Debug|Any CPU.Build.0 = Debug|Any CPU
		{E091008D-DF2F-4B39-90CB-D1B7D04E0060}.Release|Any CPU.ActiveCfg = Release|Any CPU
		{E091008D-DF2F-4B39-90CB-D1B7D04E0060}.Release|Any CPU.Build.0 = Release|Any CPU
	EndGlobalSection
	GlobalSection(SolutionProperties) = preSolution
		HideSolutionNode = FALSE
	EndGlobalSection
	GlobalSection(ExtensibilityGlobals) = postSolution
		SolutionGuid = {0F6FF2CB-66FE-40C7-920E-B71C6A14834C}
	EndGlobalSection
EndGlobal
